Microsoft Visual Studio Solution File, Format Version 12.00
# Visual Studio 2012
Project("{FAE04EC0-301F-11D3-BF4B-00C04F79EFBC}") = "shattermind", "shattermind.csproj", "{AA926B3E-6AC9-41B1-BA6D-E027D6AA416D}"
EndProject
Global
	GlobalSection(SolutionConfigurationPlatforms) = preSolution
	Debug|Any CPU = Debug|Any CPU
	ExportDebug|Any CPU = ExportDebug|Any CPU
	ExportRelease|Any CPU = ExportRelease|Any CPU
	EndGlobalSection
	GlobalSection(ProjectConfigurationPlatforms) = postSolution
		{AA926B3E-6AC9-41B1-BA6D-E027D6AA416D}.Debug|Any CPU.ActiveCfg = Debug|Any CPU
		{AA926B3E-6AC9-41B1-BA6D-E027D6AA416D}.Debug|Any CPU.Build.0 = Debug|Any CPU
		{AA926B3E-6AC9-41B1-BA6D-E027D6AA416D}.ExportDebug|Any CPU.ActiveCfg = ExportDebug|Any CPU
		{AA926B3E-6AC9-41B1-BA6D-E027D6AA416D}.ExportDebug|Any CPU.Build.0 = ExportDebug|Any CPU
		{AA926B3E-6AC9-41B1-BA6D-E027D6AA416D}.ExportRelease|Any CPU.ActiveCfg = ExportRelease|Any CPU
		{AA926B3E-6AC9-41B1-BA6D-E027D6AA416D}.ExportRelease|Any CPU.Build.0 = ExportRelease|Any CPU
	EndGlobalSection
EndGlobal
